
Microsoft Visual Studio Solution File, Format Version 12.00
# Visual Studio Version 17
VisualStudioVersion = 17.5.002.0
MinimumVisualStudioVersion = 10.0.40219.1
Project("{9A19103F-16F7-4668-BE54-9A1E7A4F7556}") = "Exemplo_fundamentos", "Exemplo_fundamentos.csproj", "{5392C1E6-A8BA-4456-A42F-FCBADD9EFE6F}"
EndProject
Global
	GlobalSection(SolutionConfigurationPlatforms) = preSolution
		Debug|Any CPU = Debug|Any CPU
		Release|Any CPU = Release|Any CPU
	EndGlobalSection
	GlobalSection(ProjectConfigurationPlatforms) = postSolution
		{5392C1E6-A8BA-4456-A42F-FCBADD9EFE6F}.Debug|Any CPU.ActiveCfg = Debug|Any CPU
		{5392C1E6-A8BA-4456-A42F-FCBADD9EFE6F}.Debug|Any CPU.Build.0 = Debug|Any CPU
		{5392C1E6-A8BA-4456-A42F-FCBADD9EFE6F}.Release|Any CPU.ActiveCfg = Release|Any CPU
		{5392C1E6-A8BA-4456-A42F-FCBADD9EFE6F}.Release|Any CPU.Build.0 = Release|Any CPU
	EndGlobalSection
	GlobalSection(SolutionProperties) = preSolution
		HideSolutionNode = FALSE
	EndGlobalSection
	GlobalSection(ExtensibilityGlobals) = postSolution
		SolutionGuid = {93C6811F-C030-4F5F-95CC-06FE2D22D390}
	EndGlobalSection
EndGlobal
